# THIS IS AN AUTOGENERATED FILE. DO NOT EDIT THIS FILE DIRECTLY.
# yarn lockfile v1


"@stencil/core@^1.8.4":
  version "1.8.5"
  resolved "https://registry.yarnpkg.com/@stencil/core/-/core-1.8.5.tgz#354eb8d5ce0a201014d804258e36111e55ca38f9"
  integrity sha512-mrlpXKHkTmbXdQkdpHn6phkzeYox8NHj2lN0JJgXIWmAKq0ZneWf0fjn3CAcRPbt+CG2QD5s1vKiwyQqKPBZKQ==
  dependencies:
    typescript "3.7.2"

typescript@3.7.2:
  version "3.7.2"
  resolved "https://registry.yarnpkg.com/typescript/-/typescript-3.7.2.tgz#27e489b95fa5909445e9fef5ee48d81697ad18fb"
  integrity sha512-ml7V7JfiN2Xwvcer+XAf2csGO1bPBdRbFCkYBczNZggrBZ9c7G3riSUeJmqEU5uOtXNPMhE3n+R4FA/3YOAWOQ==
